
Microsoft Visual Studio Solution File, Format Version 12.00
# Visual Studio Version 17
VisualStudioVersion = 17.8.34316.72
MinimumVisualStudioVersion = 10.0.40219.1
Project("{FAE04EC0-301F-11D3-BF4B-00C04F79EFBC}") = "UI", "PROYECTO INGENIERIA DE SOFTWARE\UI.csproj", "{D0CECBE9-301C-4D24-BBA9-6A3C8FB336C6}"
EndProject
Project("{FAE04EC0-301F-11D3-BF4B-00C04F79EFBC}") = "BE", "BE\BE.csproj", "{A86D176B-6B52-4185-9086-0201FBDE361E}"
EndProject
Project("{FAE04EC0-301F-11D3-BF4B-00C04F79EFBC}") = "BLL", "BLL\BLL.csproj", "{EEC5F8BF-249D-4D8A-83A6-F8560337F3E3}"
EndProject
Project("{FAE04EC0-301F-11D3-BF4B-00C04F79EFBC}") = "DAL", "DAL\DAL.csproj", "{27309DCF-46AB-4C38-A633-E8A9C4DAC078}"
EndProject
Project("{FAE04EC0-301F-11D3-BF4B-00C04F79EFBC}") = "SERVICIOS", "SERVICIOS\SERVICIOS.csproj", "{EFFE78C0-6067-4CBA-A221-F44C3823FA7A}"
EndProject
Global
	GlobalSection(SolutionConfigurationPlatforms) = preSolution
		Debug|Any CPU = Debug|Any CPU
		Release|Any CPU = Release|Any CPU
	EndGlobalSection
	GlobalSection(ProjectConfigurationPlatforms) = postSolution
		{D0CECBE9-301C-4D24-BBA9-6A3C8FB336C6}.Debug|Any CPU.ActiveCfg = Debug|Any CPU
		{D0CECBE9-301C-4D24-BBA9-6A3C8FB336C6}.Debug|Any CPU.Build.0 = Debug|Any CPU
		{D0CECBE9-301C-4D24-BBA9-6A3C8FB336C6}.Release|Any CPU.ActiveCfg = Release|Any CPU
		{D0CECBE9-301C-4D24-BBA9-6A3C8FB336C6}.Release|Any CPU.Build.0 = Release|Any CPU
		{A86D176B-6B52-4185-9086-0201FBDE361E}.Debug|Any CPU.ActiveCfg = Debug|Any CPU
		{A86D176B-6B52-4185-9086-0201FBDE361E}.Debug|Any CPU.Build.0 = Debug|Any CPU
		{A86D176B-6B52-4185-9086-0201FBDE361E}.Release|Any CPU.ActiveCfg = Release|Any CPU
		{A86D176B-6B52-4185-9086-0201FBDE361E}.Release|Any CPU.Build.0 = Release|Any CPU
		{EEC5F8BF-249D-4D8A-83A6-F8560337F3E3}.Debug|Any CPU.ActiveCfg = Debug|Any CPU
		{EEC5F8BF-249D-4D8A-83A6-F8560337F3E3}.Debug|Any CPU.Build.0 = Debug|Any CPU
		{EEC5F8BF-249D-4D8A-83A6-F8560337F3E3}.Release|Any CPU.ActiveCfg = Release|Any CPU
		{EEC5F8BF-249D-4D8A-83A6-F8560337F3E3}.Release|Any CPU.Build.0 = Release|Any CPU
		{27309DCF-46AB-4C38-A633-E8A9C4DAC078}.Debug|Any CPU.ActiveCfg = Debug|Any CPU
		{27309DCF-46AB-4C38-A633-E8A9C4DAC078}.Debug|Any CPU.Build.0 = Debug|Any CPU
		{27309DCF-46AB-4C38-A633-E8A9C4DAC078}.Release|Any CPU.ActiveCfg = Release|Any CPU
		{27309DCF-46AB-4C38-A633-E8A9C4DAC078}.Release|Any CPU.Build.0 = Release|Any CPU
		{EFFE78C0-6067-4CBA-A221-F44C3823FA7A}.Debug|Any CPU.ActiveCfg = Debug|Any CPU
		{EFFE78C0-6067-4CBA-A221-F44C3823FA7A}.Debug|Any CPU.Build.0 = Debug|Any CPU
		{EFFE78C0-6067-4CBA-A221-F44C3823FA7A}.Release|Any CPU.ActiveCfg = Release|Any CPU
		{EFFE78C0-6067-4CBA-A221-F44C3823FA7A}.Release|Any CPU.Build.0 = Release|Any CPU
	EndGlobalSection
	GlobalSection(SolutionProperties) = preSolution
		HideSolutionNode = FALSE
	EndGlobalSection
	GlobalSection(ExtensibilityGlobals) = postSolution
		SolutionGuid = {65370989-4097-422F-8769-C66644743450}
	EndGlobalSection
EndGlobal
